
Microsoft Visual Studio Solution File, Format Version 12.00
# Visual Studio Version 16
VisualStudioVersion = 25.0.1705.0
MinimumVisualStudioVersion = 10.0.40219.1
Project("{FAE04EC0-301F-11D3-BF4B-00C04F79EFBC}") = "Unite.Cache", "Unite.Cache\Unite.Cache.csproj", "{5BCDDD25-BBE7-4D2C-86FC-BA0CC14B07CA}"
EndProject
Global
	GlobalSection(SolutionConfigurationPlatforms) = preSolution
		Debug|Any CPU = Debug|Any CPU
		Release|Any CPU = Release|Any CPU
	EndGlobalSection
	GlobalSection(ProjectConfigurationPlatforms) = postSolution
		{5BCDDD25-BBE7-4D2C-86FC-BA0CC14B07CA}.Debug|Any CPU.ActiveCfg = Debug|Any CPU
		{5BCDDD25-BBE7-4D2C-86FC-BA0CC14B07CA}.Debug|Any CPU.Build.0 = Debug|Any CPU
		{5BCDDD25-BBE7-4D2C-86FC-BA0CC14B07CA}.Release|Any CPU.ActiveCfg = Release|Any CPU
		{5BCDDD25-BBE7-4D2C-86FC-BA0CC14B07CA}.Release|Any CPU.Build.0 = Release|Any CPU
	EndGlobalSection
	GlobalSection(SolutionProperties) = preSolution
		HideSolutionNode = FALSE
	EndGlobalSection
	GlobalSection(ExtensibilityGlobals) = postSolution
		SolutionGuid = {2185895E-2558-4F71-BF3B-0700729B95A2}
	EndGlobalSection
EndGlobal
